
Microsoft Visual Studio Solution File, Format Version 12.00
# Visual Studio 15
VisualStudioVersion = 15.0.28307.106
MinimumVisualStudioVersion = 10.0.40219.1
Project("{FAE04EC0-301F-11D3-BF4B-00C04F79EFBC}") = "BpNFCApp", "BpNFCApp\BpNFCApp.csproj", "{70EF9D45-3191-48F9-B604-E7C79254D43D}"
EndProject
Project("{FAE04EC0-301F-11D3-BF4B-00C04F79EFBC}") = "OpenTeleDTO", "..\..\Aarhus ingeniørhøjskole\Kandidat\2. Semester\Telemedicinske systemer\Exercises\Tutorial 5.1\Tutorial 5\Source\Source\api\OpenTeleDTO\OpenTeleDTO.csproj", "{DA1C160A-8162-41B0-B733-61BBE00C0C20}"
EndProject
Project("{FAE04EC0-301F-11D3-BF4B-00C04F79EFBC}") = "OpenTeleNetAPI", "..\..\Aarhus ingeniørhøjskole\Kandidat\2. Semester\Telemedicinske systemer\Exercises\Tutorial 5.1\Tutorial 5\Source\Source\api\OpenTeleNetAPI\OpenTeleNetAPI.csproj", "{BC28B676-34FC-4FFF-A7D0-7C53C6943FF4}"
EndProject
Global
	GlobalSection(SolutionConfigurationPlatforms) = preSolution
		Debug|Any CPU = Debug|Any CPU
		Release|Any CPU = Release|Any CPU
	EndGlobalSection
	GlobalSection(ProjectConfigurationPlatforms) = postSolution
		{70EF9D45-3191-48F9-B604-E7C79254D43D}.Debug|Any CPU.ActiveCfg = Debug|Any CPU
		{70EF9D45-3191-48F9-B604-E7C79254D43D}.Debug|Any CPU.Build.0 = Debug|Any CPU
		{70EF9D45-3191-48F9-B604-E7C79254D43D}.Release|Any CPU.ActiveCfg = Release|Any CPU
		{70EF9D45-3191-48F9-B604-E7C79254D43D}.Release|Any CPU.Build.0 = Release|Any CPU
		{DA1C160A-8162-41B0-B733-61BBE00C0C20}.Debug|Any CPU.ActiveCfg = Debug|Any CPU
		{DA1C160A-8162-41B0-B733-61BBE00C0C20}.Debug|Any CPU.Build.0 = Debug|Any CPU
		{DA1C160A-8162-41B0-B733-61BBE00C0C20}.Release|Any CPU.ActiveCfg = Release|Any CPU
		{DA1C160A-8162-41B0-B733-61BBE00C0C20}.Release|Any CPU.Build.0 = Release|Any CPU
		{BC28B676-34FC-4FFF-A7D0-7C53C6943FF4}.Debug|Any CPU.ActiveCfg = Debug|Any CPU
		{BC28B676-34FC-4FFF-A7D0-7C53C6943FF4}.Debug|Any CPU.Build.0 = Debug|Any CPU
		{BC28B676-34FC-4FFF-A7D0-7C53C6943FF4}.Release|Any CPU.ActiveCfg = Release|Any CPU
		{BC28B676-34FC-4FFF-A7D0-7C53C6943FF4}.Release|Any CPU.Build.0 = Release|Any CPU
	EndGlobalSection
	GlobalSection(SolutionProperties) = preSolution
		HideSolutionNode = FALSE
	EndGlobalSection
	GlobalSection(ExtensibilityGlobals) = postSolution
		SolutionGuid = {CB908F6E-1BBD-42DA-AA8D-DD8E741F1F34}
	EndGlobalSection
EndGlobal
